
Microsoft Visual Studio Solution File, Format Version 12.00
# Visual Studio 2013
VisualStudioVersion = 12.0.21005.1
MinimumVisualStudioVersion = 10.0.40219.1
Project("{8BC9CEB8-8B4A-11D0-8D11-00A0C91BC942}") = "test_6_7", "test_6_7\test_6_7.vcxproj", "{AE6D8A11-3569-40B5-BF32-8F8E3B33A8EF}"
EndProject
Global
	GlobalSection(SolutionConfigurationPlatforms) = preSolution
		Debug|Win32 = Debug|Win32
		Release|Win32 = Release|Win32
	EndGlobalSection
	GlobalSection(ProjectConfigurationPlatforms) = postSolution
		{AE6D8A11-3569-40B5-BF32-8F8E3B33A8EF}.Debug|Win32.ActiveCfg = Debug|Win32
		{AE6D8A11-3569-40B5-BF32-8F8E3B33A8EF}.Debug|Win32.Build.0 = Debug|Win32
		{AE6D8A11-3569-40B5-BF32-8F8E3B33A8EF}.Release|Win32.ActiveCfg = Release|Win32
		{AE6D8A11-3569-40B5-BF32-8F8E3B33A8EF}.Release|Win32.Build.0 = Release|Win32
	EndGlobalSection
	GlobalSection(SolutionProperties) = preSolution
		HideSolutionNode = FALSE
	EndGlobalSection
EndGlobal
