
Microsoft Visual Studio Solution File, Format Version 12.00
# Visual Studio 2013
VisualStudioVersion = 12.0.21005.1
MinimumVisualStudioVersion = 10.0.40219.1
Project("{8BC9CEB8-8B4A-11D0-8D11-00A0C91BC942}") = "work_11th_3", "work_11th_3\work_11th_3.vcxproj", "{F9FBCA5F-7A69-4371-8AEE-0A7735C298B2}"
EndProject
Global
	GlobalSection(SolutionConfigurationPlatforms) = preSolution
		Debug|Win32 = Debug|Win32
		Release|Win32 = Release|Win32
	EndGlobalSection
	GlobalSection(ProjectConfigurationPlatforms) = postSolution
		{F9FBCA5F-7A69-4371-8AEE-0A7735C298B2}.Debug|Win32.ActiveCfg = Debug|Win32
		{F9FBCA5F-7A69-4371-8AEE-0A7735C298B2}.Debug|Win32.Build.0 = Debug|Win32
		{F9FBCA5F-7A69-4371-8AEE-0A7735C298B2}.Release|Win32.ActiveCfg = Release|Win32
		{F9FBCA5F-7A69-4371-8AEE-0A7735C298B2}.Release|Win32.Build.0 = Release|Win32
	EndGlobalSection
	GlobalSection(SolutionProperties) = preSolution
		HideSolutionNode = FALSE
	EndGlobalSection
EndGlobal
