
Microsoft Visual Studio Solution File, Format Version 12.00
# Visual Studio 2013
VisualStudioVersion = 12.0.21005.1
MinimumVisualStudioVersion = 10.0.40219.1
Project("{8BC9CEB8-8B4A-11D0-8D11-00A0C91BC942}") = "work_nn", "work_nn\work_nn.vcxproj", "{AB2382E4-C623-420B-9636-72F5E03BA5D4}"
EndProject
Global
	GlobalSection(SolutionConfigurationPlatforms) = preSolution
		Debug|Win32 = Debug|Win32
		Release|Win32 = Release|Win32
	EndGlobalSection
	GlobalSection(ProjectConfigurationPlatforms) = postSolution
		{AB2382E4-C623-420B-9636-72F5E03BA5D4}.Debug|Win32.ActiveCfg = Debug|Win32
		{AB2382E4-C623-420B-9636-72F5E03BA5D4}.Debug|Win32.Build.0 = Debug|Win32
		{AB2382E4-C623-420B-9636-72F5E03BA5D4}.Release|Win32.ActiveCfg = Release|Win32
		{AB2382E4-C623-420B-9636-72F5E03BA5D4}.Release|Win32.Build.0 = Release|Win32
	EndGlobalSection
	GlobalSection(SolutionProperties) = preSolution
		HideSolutionNode = FALSE
	EndGlobalSection
EndGlobal
